
Microsoft Visual Studio Solution File, Format Version 12.00
# Visual Studio Version 17
VisualStudioVersion = 17.0.32014.148
MinimumVisualStudioVersion = 10.0.40219.1
Project("{9A19103F-16F7-4668-BE54-9A1E7A4F7556}") = "FlightPlanner2", "FlightPlanner2\FlightPlanner2.csproj", "{B8AA1D39-8C79-47BA-BB80-845691A5A82A}"
EndProject
Global
	GlobalSection(SolutionConfigurationPlatforms) = preSolution
		Debug|Any CPU = Debug|Any CPU
		Release|Any CPU = Release|Any CPU
	EndGlobalSection
	GlobalSection(ProjectConfigurationPlatforms) = postSolution
		{B8AA1D39-8C79-47BA-BB80-845691A5A82A}.Debug|Any CPU.ActiveCfg = Debug|Any CPU
		{B8AA1D39-8C79-47BA-BB80-845691A5A82A}.Debug|Any CPU.Build.0 = Debug|Any CPU
		{B8AA1D39-8C79-47BA-BB80-845691A5A82A}.Release|Any CPU.ActiveCfg = Release|Any CPU
		{B8AA1D39-8C79-47BA-BB80-845691A5A82A}.Release|Any CPU.Build.0 = Release|Any CPU
	EndGlobalSection
	GlobalSection(SolutionProperties) = preSolution
		HideSolutionNode = FALSE
	EndGlobalSection
	GlobalSection(ExtensibilityGlobals) = postSolution
		SolutionGuid = {7F6D548C-E5B5-4790-8737-E90ED61710AF}
	EndGlobalSection
EndGlobal
